
Microsoft Visual Studio Solution File, Format Version 11.00
# Visual Studio 2010
Project("{FAE04EC0-301F-11D3-BF4B-00C04F79EFBC}") = "SummitPDB.BusinessEntities", "SummitPDBBusinessEntities\SummitPDB.BusinessEntities.csproj", "{2B5EDAB2-E9DF-46FF-A871-3287857A7EBB}"
EndProject
Project("{2150E333-8FDC-42A3-9474-1A3956D46DE8}") = "SummitPDB", "SummitPDB", "{5F204F74-9EB4-4CEE-8066-E13614AC1BCD}"
EndProject
Project("{2150E333-8FDC-42A3-9474-1A3956D46DE8}") = "Source", "Source", "{946C76CB-B36E-42C8-9DAF-ABC6DCF49917}"
EndProject
Project("{2150E333-8FDC-42A3-9474-1A3956D46DE8}") = "BusinessLogic", "BusinessLogic", "{87214212-ED0E-4F3F-9089-421B37A5E636}"
EndProject
Project("{FAE04EC0-301F-11D3-BF4B-00C04F79EFBC}") = "SummitPDB.BusinessLogic", "SummitPDB.BusinessLogic\SummitPDB.BusinessLogic.csproj", "{16AA290B-8845-49D6-9BD6-4F4E46788CE5}"
EndProject
Project("{2150E333-8FDC-42A3-9474-1A3956D46DE8}") = "Resource Access", "Resource Access", "{08C23150-C909-45DB-813F-A45C7AD2A246}"
EndProject
Project("{FAE04EC0-301F-11D3-BF4B-00C04F79EFBC}") = "SummitPDB.DataAccess", "SummitPDBDataAccess\SummitPDB.DataAccess.csproj", "{3879642B-4935-40A1-A7A5-26C8EF23B3E8}"
EndProject
Project("{2150E333-8FDC-42A3-9474-1A3956D46DE8}") = "ServicesInterface", "ServicesInterface", "{95D45D4A-2825-4909-978E-76A4882A7F42}"
EndProject
Project("{FAE04EC0-301F-11D3-BF4B-00C04F79EFBC}") = "SummitPDB.ServicesInterface", "SummitPDBServicesInterface\SummitPDB.ServicesInterface.csproj", "{ECA19E40-BB51-4C73-A23C-022BB0D7FDD6}"
EndProject
Project("{2150E333-8FDC-42A3-9474-1A3956D46DE8}") = "ExceptionManagment", "ExceptionManagment", "{EE5FC9B9-1B16-4F13-BFB2-6AC1124982C3}"
EndProject
Project("{FAE04EC0-301F-11D3-BF4B-00C04F79EFBC}") = "SummitPDB.ExceptionManagment", "SummitPDB.ExceptionManagment\SummitPDB.ExceptionManagment.csproj", "{E6318307-CED5-440E-843A-6DB80855C07B}"
EndProject
Project("{FAE04EC0-301F-11D3-BF4B-00C04F79EFBC}") = "SummitPDB.Tools", "Tools\SummitPDB.Tools.csproj", "{4C55D7E5-5403-4C50-8AF5-07A22CC16DEB}"
EndProject
Project("{2150E333-8FDC-42A3-9474-1A3956D46DE8}") = "Tools", "Tools", "{433EF080-A016-474D-B072-4F5393720302}"
EndProject
Project("{2150E333-8FDC-42A3-9474-1A3956D46DE8}") = "Test", "Test", "{0F73464C-FFDA-4986-BDAA-6B3AB04D50E5}"
EndProject
Project("{FAE04EC0-301F-11D3-BF4B-00C04F79EFBC}") = "SummitPDB.WebSite", "SummitPDB.WebSite\SummitPDB.WebSite.csproj", "{74FFD408-3F89-4FB0-9E16-195140ACE532}"
EndProject
Project("{2150E333-8FDC-42A3-9474-1A3956D46DE8}") = "Batch", "Batch", "{729EA1E2-352D-456E-BCDE-91BAB5270495}"
EndProject
Project("{FAE04EC0-301F-11D3-BF4B-00C04F79EFBC}") = "appWin_PDB", "appWin_PDB\appWin_PDB.csproj", "{56D9CF7F-1D3D-486E-9160-81C5EEF6B124}"
EndProject
Project("{54435603-DBB4-11D2-8724-00A0C9A8B90C}") = "InstaladorPDB", "InstaladorPDB\InstaladorPDB.vdproj", "{DEEDBDCE-9B45-4DE8-B95B-9399C78CF3E1}"
EndProject
Project("{FAE04EC0-301F-11D3-BF4B-00C04F79EFBC}") = "appWin_Copias", "appWin_Copias\appWin_Copias.csproj", "{8ABD06D6-1D81-435A-A341-159EC254BCCE}"
EndProject
Project("{54435603-DBB4-11D2-8724-00A0C9A8B90C}") = "InstaladorCopiador", "InstaladorCopiador\InstaladorCopiador.vdproj", "{1F9109C4-0559-4C40-9CEA-986FB936AC50}"
EndProject
Global
	GlobalSection(SolutionConfigurationPlatforms) = preSolution
		Debug|Any CPU = Debug|Any CPU
		Debug|Mixed Platforms = Debug|Mixed Platforms
		Debug|x86 = Debug|x86
		Release|Any CPU = Release|Any CPU
		Release|Mixed Platforms = Release|Mixed Platforms
		Release|x86 = Release|x86
	EndGlobalSection
	GlobalSection(ProjectConfigurationPlatforms) = postSolution
		{2B5EDAB2-E9DF-46FF-A871-3287857A7EBB}.Debug|Any CPU.ActiveCfg = Debug|x86
		{2B5EDAB2-E9DF-46FF-A871-3287857A7EBB}.Debug|Mixed Platforms.ActiveCfg = Debug|x86
		{2B5EDAB2-E9DF-46FF-A871-3287857A7EBB}.Debug|Mixed Platforms.Build.0 = Debug|x86
		{2B5EDAB2-E9DF-46FF-A871-3287857A7EBB}.Debug|x86.ActiveCfg = Debug|x86
		{2B5EDAB2-E9DF-46FF-A871-3287857A7EBB}.Debug|x86.Build.0 = Debug|x86
		{2B5EDAB2-E9DF-46FF-A871-3287857A7EBB}.Release|Any CPU.ActiveCfg = Release|x86
		{2B5EDAB2-E9DF-46FF-A871-3287857A7EBB}.Release|Mixed Platforms.ActiveCfg = Release|x86
		{2B5EDAB2-E9DF-46FF-A871-3287857A7EBB}.Release|Mixed Platforms.Build.0 = Release|x86
		{2B5EDAB2-E9DF-46FF-A871-3287857A7EBB}.Release|x86.ActiveCfg = Release|x86
		{2B5EDAB2-E9DF-46FF-A871-3287857A7EBB}.Release|x86.Build.0 = Release|x86
		{16AA290B-8845-49D6-9BD6-4F4E46788CE5}.Debug|Any CPU.ActiveCfg = Debug|x86
		{16AA290B-8845-49D6-9BD6-4F4E46788CE5}.Debug|Mixed Platforms.ActiveCfg = Debug|x86
		{16AA290B-8845-49D6-9BD6-4F4E46788CE5}.Debug|Mixed Platforms.Build.0 = Debug|x86
		{16AA290B-8845-49D6-9BD6-4F4E46788CE5}.Debug|x86.ActiveCfg = Debug|x86
		{16AA290B-8845-49D6-9BD6-4F4E46788CE5}.Debug|x86.Build.0 = Debug|x86
		{16AA290B-8845-49D6-9BD6-4F4E46788CE5}.Release|Any CPU.ActiveCfg = Release|x86
		{16AA290B-8845-49D6-9BD6-4F4E46788CE5}.Release|Mixed Platforms.ActiveCfg = Release|x86
		{16AA290B-8845-49D6-9BD6-4F4E46788CE5}.Release|Mixed Platforms.Build.0 = Release|x86
		{16AA290B-8845-49D6-9BD6-4F4E46788CE5}.Release|x86.ActiveCfg = Release|x86
		{16AA290B-8845-49D6-9BD6-4F4E46788CE5}.Release|x86.Build.0 = Release|x86
		{3879642B-4935-40A1-A7A5-26C8EF23B3E8}.Debug|Any CPU.ActiveCfg = Debug|x86
		{3879642B-4935-40A1-A7A5-26C8EF23B3E8}.Debug|Mixed Platforms.ActiveCfg = Debug|x86
		{3879642B-4935-40A1-A7A5-26C8EF23B3E8}.Debug|Mixed Platforms.Build.0 = Debug|x86
		{3879642B-4935-40A1-A7A5-26C8EF23B3E8}.Debug|x86.ActiveCfg = Debug|x86
		{3879642B-4935-40A1-A7A5-26C8EF23B3E8}.Debug|x86.Build.0 = Debug|x86
		{3879642B-4935-40A1-A7A5-26C8EF23B3E8}.Release|Any CPU.ActiveCfg = Release|x86
		{3879642B-4935-40A1-A7A5-26C8EF23B3E8}.Release|Mixed Platforms.ActiveCfg = Release|x86
		{3879642B-4935-40A1-A7A5-26C8EF23B3E8}.Release|Mixed Platforms.Build.0 = Release|x86
		{3879642B-4935-40A1-A7A5-26C8EF23B3E8}.Release|x86.ActiveCfg = Release|x86
		{3879642B-4935-40A1-A7A5-26C8EF23B3E8}.Release|x86.Build.0 = Release|x86
		{ECA19E40-BB51-4C73-A23C-022BB0D7FDD6}.Debug|Any CPU.ActiveCfg = Debug|x86
		{ECA19E40-BB51-4C73-A23C-022BB0D7FDD6}.Debug|Mixed Platforms.ActiveCfg = Debug|x86
		{ECA19E40-BB51-4C73-A23C-022BB0D7FDD6}.Debug|Mixed Platforms.Build.0 = Debug|x86
		{ECA19E40-BB51-4C73-A23C-022BB0D7FDD6}.Debug|x86.ActiveCfg = Debug|x86
		{ECA19E40-BB51-4C73-A23C-022BB0D7FDD6}.Debug|x86.Build.0 = Debug|x86
		{ECA19E40-BB51-4C73-A23C-022BB0D7FDD6}.Release|Any CPU.ActiveCfg = Release|x86
		{ECA19E40-BB51-4C73-A23C-022BB0D7FDD6}.Release|Mixed Platforms.ActiveCfg = Release|x86
		{ECA19E40-BB51-4C73-A23C-022BB0D7FDD6}.Release|Mixed Platforms.Build.0 = Release|x86
		{ECA19E40-BB51-4C73-A23C-022BB0D7FDD6}.Release|x86.ActiveCfg = Release|x86
		{ECA19E40-BB51-4C73-A23C-022BB0D7FDD6}.Release|x86.Build.0 = Release|x86
		{E6318307-CED5-440E-843A-6DB80855C07B}.Debug|Any CPU.ActiveCfg = Debug|x86
		{E6318307-CED5-440E-843A-6DB80855C07B}.Debug|Mixed Platforms.ActiveCfg = Debug|x86
		{E6318307-CED5-440E-843A-6DB80855C07B}.Debug|Mixed Platforms.Build.0 = Debug|x86
		{E6318307-CED5-440E-843A-6DB80855C07B}.Debug|x86.ActiveCfg = Debug|x86
		{E6318307-CED5-440E-843A-6DB80855C07B}.Debug|x86.Build.0 = Debug|x86
		{E6318307-CED5-440E-843A-6DB80855C07B}.Release|Any CPU.ActiveCfg = Release|x86
		{E6318307-CED5-440E-843A-6DB80855C07B}.Release|Mixed Platforms.ActiveCfg = Release|x86
		{E6318307-CED5-440E-843A-6DB80855C07B}.Release|Mixed Platforms.Build.0 = Release|x86
		{E6318307-CED5-440E-843A-6DB80855C07B}.Release|x86.ActiveCfg = Release|x86
		{E6318307-CED5-440E-843A-6DB80855C07B}.Release|x86.Build.0 = Release|x86
		{4C55D7E5-5403-4C50-8AF5-07A22CC16DEB}.Debug|Any CPU.ActiveCfg = Debug|x86
		{4C55D7E5-5403-4C50-8AF5-07A22CC16DEB}.Debug|Mixed Platforms.ActiveCfg = Debug|x86
		{4C55D7E5-5403-4C50-8AF5-07A22CC16DEB}.Debug|Mixed Platforms.Build.0 = Debug|x86
		{4C55D7E5-5403-4C50-8AF5-07A22CC16DEB}.Debug|x86.ActiveCfg = Debug|x86
		{4C55D7E5-5403-4C50-8AF5-07A22CC16DEB}.Debug|x86.Build.0 = Debug|x86
		{4C55D7E5-5403-4C50-8AF5-07A22CC16DEB}.Release|Any CPU.ActiveCfg = Release|x86
		{4C55D7E5-5403-4C50-8AF5-07A22CC16DEB}.Release|Mixed Platforms.ActiveCfg = Release|x86
		{4C55D7E5-5403-4C50-8AF5-07A22CC16DEB}.Release|Mixed Platforms.Build.0 = Release|x86
		{4C55D7E5-5403-4C50-8AF5-07A22CC16DEB}.Release|x86.ActiveCfg = Release|x86
		{4C55D7E5-5403-4C50-8AF5-07A22CC16DEB}.Release|x86.Build.0 = Release|x86
		{74FFD408-3F89-4FB0-9E16-195140ACE532}.Debug|Any CPU.ActiveCfg = Debug|Any CPU
		{74FFD408-3F89-4FB0-9E16-195140ACE532}.Debug|Any CPU.Build.0 = Debug|Any CPU
		{74FFD408-3F89-4FB0-9E16-195140ACE532}.Debug|Mixed Platforms.ActiveCfg = Debug|Any CPU
		{74FFD408-3F89-4FB0-9E16-195140ACE532}.Debug|Mixed Platforms.Build.0 = Debug|Any CPU
		{74FFD408-3F89-4FB0-9E16-195140ACE532}.Debug|x86.ActiveCfg = Debug|Any CPU
		{74FFD408-3F89-4FB0-9E16-195140ACE532}.Release|Any CPU.ActiveCfg = Release|Any CPU
		{74FFD408-3F89-4FB0-9E16-195140ACE532}.Release|Any CPU.Build.0 = Release|Any CPU
		{74FFD408-3F89-4FB0-9E16-195140ACE532}.Release|Mixed Platforms.ActiveCfg = Release|Any CPU
		{74FFD408-3F89-4FB0-9E16-195140ACE532}.Release|Mixed Platforms.Build.0 = Release|Any CPU
		{74FFD408-3F89-4FB0-9E16-195140ACE532}.Release|x86.ActiveCfg = Release|Any CPU
		{56D9CF7F-1D3D-486E-9160-81C5EEF6B124}.Debug|Any CPU.ActiveCfg = Debug|x86
		{56D9CF7F-1D3D-486E-9160-81C5EEF6B124}.Debug|Mixed Platforms.ActiveCfg = Debug|x86
		{56D9CF7F-1D3D-486E-9160-81C5EEF6B124}.Debug|Mixed Platforms.Build.0 = Debug|x86
		{56D9CF7F-1D3D-486E-9160-81C5EEF6B124}.Debug|x86.ActiveCfg = Debug|x86
		{56D9CF7F-1D3D-486E-9160-81C5EEF6B124}.Debug|x86.Build.0 = Debug|x86
		{56D9CF7F-1D3D-486E-9160-81C5EEF6B124}.Release|Any CPU.ActiveCfg = Release|x86
		{56D9CF7F-1D3D-486E-9160-81C5EEF6B124}.Release|Mixed Platforms.ActiveCfg = Release|x86
		{56D9CF7F-1D3D-486E-9160-81C5EEF6B124}.Release|Mixed Platforms.Build.0 = Release|x86
		{56D9CF7F-1D3D-486E-9160-81C5EEF6B124}.Release|x86.ActiveCfg = Release|x86
		{56D9CF7F-1D3D-486E-9160-81C5EEF6B124}.Release|x86.Build.0 = Release|x86
		{DEEDBDCE-9B45-4DE8-B95B-9399C78CF3E1}.Debug|Any CPU.ActiveCfg = Debug
		{DEEDBDCE-9B45-4DE8-B95B-9399C78CF3E1}.Debug|Mixed Platforms.ActiveCfg = Debug
		{DEEDBDCE-9B45-4DE8-B95B-9399C78CF3E1}.Debug|x86.ActiveCfg = Debug
		{DEEDBDCE-9B45-4DE8-B95B-9399C78CF3E1}.Release|Any CPU.ActiveCfg = Release
		{DEEDBDCE-9B45-4DE8-B95B-9399C78CF3E1}.Release|Mixed Platforms.ActiveCfg = Release
		{DEEDBDCE-9B45-4DE8-B95B-9399C78CF3E1}.Release|x86.ActiveCfg = Release
		{8ABD06D6-1D81-435A-A341-159EC254BCCE}.Debug|Any CPU.ActiveCfg = Debug|x86
		{8ABD06D6-1D81-435A-A341-159EC254BCCE}.Debug|Mixed Platforms.ActiveCfg = Debug|x86
		{8ABD06D6-1D81-435A-A341-159EC254BCCE}.Debug|Mixed Platforms.Build.0 = Debug|x86
		{8ABD06D6-1D81-435A-A341-159EC254BCCE}.Debug|x86.ActiveCfg = Debug|x86
		{8ABD06D6-1D81-435A-A341-159EC254BCCE}.Debug|x86.Build.0 = Debug|x86
		{8ABD06D6-1D81-435A-A341-159EC254BCCE}.Release|Any CPU.ActiveCfg = Release|x86
		{8ABD06D6-1D81-435A-A341-159EC254BCCE}.Release|Mixed Platforms.ActiveCfg = Release|x86
		{8ABD06D6-1D81-435A-A341-159EC254BCCE}.Release|Mixed Platforms.Build.0 = Release|x86
		{8ABD06D6-1D81-435A-A341-159EC254BCCE}.Release|x86.ActiveCfg = Release|x86
		{8ABD06D6-1D81-435A-A341-159EC254BCCE}.Release|x86.Build.0 = Release|x86
		{1F9109C4-0559-4C40-9CEA-986FB936AC50}.Debug|Any CPU.ActiveCfg = Debug
		{1F9109C4-0559-4C40-9CEA-986FB936AC50}.Debug|Mixed Platforms.ActiveCfg = Debug
		{1F9109C4-0559-4C40-9CEA-986FB936AC50}.Debug|x86.ActiveCfg = Debug
		{1F9109C4-0559-4C40-9CEA-986FB936AC50}.Release|Any CPU.ActiveCfg = Release
		{1F9109C4-0559-4C40-9CEA-986FB936AC50}.Release|Mixed Platforms.ActiveCfg = Release
		{1F9109C4-0559-4C40-9CEA-986FB936AC50}.Release|x86.ActiveCfg = Release
	EndGlobalSection
	GlobalSection(SolutionProperties) = preSolution
		HideSolutionNode = FALSE
	EndGlobalSection
	GlobalSection(NestedProjects) = preSolution
		{946C76CB-B36E-42C8-9DAF-ABC6DCF49917} = {5F204F74-9EB4-4CEE-8066-E13614AC1BCD}
		{0F73464C-FFDA-4986-BDAA-6B3AB04D50E5} = {5F204F74-9EB4-4CEE-8066-E13614AC1BCD}
		{729EA1E2-352D-456E-BCDE-91BAB5270495} = {5F204F74-9EB4-4CEE-8066-E13614AC1BCD}
		{87214212-ED0E-4F3F-9089-421B37A5E636} = {946C76CB-B36E-42C8-9DAF-ABC6DCF49917}
		{08C23150-C909-45DB-813F-A45C7AD2A246} = {946C76CB-B36E-42C8-9DAF-ABC6DCF49917}
		{95D45D4A-2825-4909-978E-76A4882A7F42} = {946C76CB-B36E-42C8-9DAF-ABC6DCF49917}
		{EE5FC9B9-1B16-4F13-BFB2-6AC1124982C3} = {946C76CB-B36E-42C8-9DAF-ABC6DCF49917}
		{433EF080-A016-474D-B072-4F5393720302} = {946C76CB-B36E-42C8-9DAF-ABC6DCF49917}
		{2B5EDAB2-E9DF-46FF-A871-3287857A7EBB} = {87214212-ED0E-4F3F-9089-421B37A5E636}
		{16AA290B-8845-49D6-9BD6-4F4E46788CE5} = {87214212-ED0E-4F3F-9089-421B37A5E636}
		{3879642B-4935-40A1-A7A5-26C8EF23B3E8} = {08C23150-C909-45DB-813F-A45C7AD2A246}
		{ECA19E40-BB51-4C73-A23C-022BB0D7FDD6} = {95D45D4A-2825-4909-978E-76A4882A7F42}
		{E6318307-CED5-440E-843A-6DB80855C07B} = {EE5FC9B9-1B16-4F13-BFB2-6AC1124982C3}
		{4C55D7E5-5403-4C50-8AF5-07A22CC16DEB} = {433EF080-A016-474D-B072-4F5393720302}
		{74FFD408-3F89-4FB0-9E16-195140ACE532} = {0F73464C-FFDA-4986-BDAA-6B3AB04D50E5}
		{56D9CF7F-1D3D-486E-9160-81C5EEF6B124} = {729EA1E2-352D-456E-BCDE-91BAB5270495}
		{DEEDBDCE-9B45-4DE8-B95B-9399C78CF3E1} = {729EA1E2-352D-456E-BCDE-91BAB5270495}
		{8ABD06D6-1D81-435A-A341-159EC254BCCE} = {729EA1E2-352D-456E-BCDE-91BAB5270495}
		{1F9109C4-0559-4C40-9CEA-986FB936AC50} = {729EA1E2-352D-456E-BCDE-91BAB5270495}
	EndGlobalSection
EndGlobal
